
Microsoft Visual Studio Solution File, Format Version 12.00
# Visual Studio Version 17
VisualStudioVersion = 17.4.33403.182
MinimumVisualStudioVersion = 10.0.40219.1
Project("{9A19103F-16F7-4668-BE54-9A1E7A4F7556}") = "AspNetCoreApp", "AspNetCoreApp\AspNetCoreApp.csproj", "{5D204223-69FC-4ED7-9F2E-6FF5B2887E4A}"
EndProject
Global
	GlobalSection(SolutionConfigurationPlatforms) = preSolution
		Debug|Any CPU = Debug|Any CPU
		Release|Any CPU = Release|Any CPU
	EndGlobalSection
	GlobalSection(ProjectConfigurationPlatforms) = postSolution
		{5D204223-69FC-4ED7-9F2E-6FF5B2887E4A}.Debug|Any CPU.ActiveCfg = Debug|Any CPU
		{5D204223-69FC-4ED7-9F2E-6FF5B2887E4A}.Debug|Any CPU.Build.0 = Debug|Any CPU
		{5D204223-69FC-4ED7-9F2E-6FF5B2887E4A}.Release|Any CPU.ActiveCfg = Release|Any CPU
		{5D204223-69FC-4ED7-9F2E-6FF5B2887E4A}.Release|Any CPU.Build.0 = Release|Any CPU
	EndGlobalSection
	GlobalSection(SolutionProperties) = preSolution
		HideSolutionNode = FALSE
	EndGlobalSection
	GlobalSection(ExtensibilityGlobals) = postSolution
		SolutionGuid = {B2167B90-E661-493D-8CEF-1719A961D98B}
	EndGlobalSection
EndGlobal
